
Microsoft Visual Studio Solution File, Format Version 12.00
# Visual Studio 15
VisualStudioVersion = 15.0.25914.0
MinimumVisualStudioVersion = 10.0.40219.1
Project("{FAE04EC0-301F-11D3-BF4B-00C04F79EFBC}") = "PropertyWriter.DocSample", "PropertyWriter.DocSample\PropertyWriter.DocSample.csproj", "{00E99FEB-E01D-41E6-82E0-F5DA3BF4166A}"
EndProject
Global
	GlobalSection(SolutionConfigurationPlatforms) = preSolution
		Debug|Any CPU = Debug|Any CPU
		Release|Any CPU = Release|Any CPU
	EndGlobalSection
	GlobalSection(ProjectConfigurationPlatforms) = postSolution
		{00E99FEB-E01D-41E6-82E0-F5DA3BF4166A}.Debug|Any CPU.ActiveCfg = Debug|Any CPU
		{00E99FEB-E01D-41E6-82E0-F5DA3BF4166A}.Debug|Any CPU.Build.0 = Debug|Any CPU
		{00E99FEB-E01D-41E6-82E0-F5DA3BF4166A}.Release|Any CPU.ActiveCfg = Release|Any CPU
		{00E99FEB-E01D-41E6-82E0-F5DA3BF4166A}.Release|Any CPU.Build.0 = Release|Any CPU
	EndGlobalSection
	GlobalSection(SolutionProperties) = preSolution
		HideSolutionNode = FALSE
	EndGlobalSection
EndGlobal
